
Microsoft Visual Studio Solution File, Format Version 12.00
# Visual Studio Version 16
VisualStudioVersion = 16.0.30114.105
MinimumVisualStudioVersion = 10.0.40219.1
Project("{9A19103F-16F7-4668-BE54-9A1E7A4F7556}") = "LEGO.Inventory.Capacity.Planning", "LEGO.Inventory.Capacity.Planning\LEGO.Inventory.Capacity.Planning.csproj", "{769F864A-FD6E-409A-A7EE-2FD7D5A472CA}"
EndProject
Project("{9A19103F-16F7-4668-BE54-9A1E7A4F7556}") = "LEGO.Inventory.Capacity.Planning.Tests", "LEGO.Inventory.Capacity.Planning.Tests\LEGO.Inventory.Capacity.Planning.Tests.csproj", "{C7235A09-C075-469E-A3CE-524FFAAF24B4}"
EndProject
Global
	GlobalSection(SolutionConfigurationPlatforms) = preSolution
		Debug|Any CPU = Debug|Any CPU
		Release|Any CPU = Release|Any CPU
	EndGlobalSection
	GlobalSection(SolutionProperties) = preSolution
		HideSolutionNode = FALSE
	EndGlobalSection
	GlobalSection(ProjectConfigurationPlatforms) = postSolution
		{769F864A-FD6E-409A-A7EE-2FD7D5A472CA}.Debug|Any CPU.ActiveCfg = Debug|Any CPU
		{769F864A-FD6E-409A-A7EE-2FD7D5A472CA}.Debug|Any CPU.Build.0 = Debug|Any CPU
		{769F864A-FD6E-409A-A7EE-2FD7D5A472CA}.Release|Any CPU.ActiveCfg = Release|Any CPU
		{769F864A-FD6E-409A-A7EE-2FD7D5A472CA}.Release|Any CPU.Build.0 = Release|Any CPU
		{C7235A09-C075-469E-A3CE-524FFAAF24B4}.Debug|Any CPU.ActiveCfg = Debug|Any CPU
		{C7235A09-C075-469E-A3CE-524FFAAF24B4}.Debug|Any CPU.Build.0 = Debug|Any CPU
		{C7235A09-C075-469E-A3CE-524FFAAF24B4}.Release|Any CPU.ActiveCfg = Release|Any CPU
		{C7235A09-C075-469E-A3CE-524FFAAF24B4}.Release|Any CPU.Build.0 = Release|Any CPU
	EndGlobalSection
EndGlobal
